{
  "name": "adaswap-periphery",
  "version": "1.0.0",
  "lockfileVersion": 2,
  "requires": true,
  "packages": {
    "": {
      "name": "adaswap-periphery",
      "version": "1.0.0",
      "license": "ISC",
      "dependencies": {
        "@openzeppelin/contracts": "^4.5.0",
        "@uniswap/lib": "^4.0.1-alpha",
        "@uniswap/v2-core": "^1.0.1"
      }
    },
    "node_modules/@openzeppelin/contracts": {
      "version": "4.5.0",
      "resolved": "https://registry.npmjs.org/@openzeppelin/contracts/-/contracts-4.5.0.tgz",
      "integrity": "sha512-fdkzKPYMjrRiPK6K4y64e6GzULR7R7RwxSigHS8DDp7aWDeoReqsQI+cxHV1UuhAqX69L1lAaWDxenfP+xiqzA=="
    },
    "node_modules/@uniswap/lib": {
      "version": "4.0.1-alpha",
      "resolved": "https://registry.npmjs.org/@uniswap/lib/-/lib-4.0.1-alpha.tgz",
      "integrity": "sha512-f6UIliwBbRsgVLxIaBANF6w09tYqc6Y/qXdsrbEmXHyFA7ILiKrIwRFXe1yOg8M3cksgVsO9N7yuL2DdCGQKBA==",
      "engines": {
        "node": ">=10"
      }
    },
    "node_modules/@uniswap/v2-core": {
      "version": "1.0.1",
      "resolved": "https://registry.npmjs.org/@uniswap/v2-core/-/v2-core-1.0.1.tgz",
      "integrity": "sha512-MtybtkUPSyysqLY2U210NBDeCHX+ltHt3oADGdjqoThZaFRDKwM6k1Nb3F0A3hk5hwuQvytFWhrWHOEq6nVJ8Q==",
      "engines": {
        "node": ">=10"
      }
    }
  },
  "dependencies": {
    "@openzeppelin/contracts": {
      "version": "4.5.0",
      "resolved": "https://registry.npmjs.org/@openzeppelin/contracts/-/contracts-4.5.0.tgz",
      "integrity": "sha512-fdkzKPYMjrRiPK6K4y64e6GzULR7R7RwxSigHS8DDp7aWDeoReqsQI+cxHV1UuhAqX69L1lAaWDxenfP+xiqzA=="
    },
    "@uniswap/lib": {
      "version": "4.0.1-alpha",
      "resolved": "https://registry.npmjs.org/@uniswap/lib/-/lib-4.0.1-alpha.tgz",
      "integrity": "sha512-f6UIliwBbRsgVLxIaBANF6w09tYqc6Y/qXdsrbEmXHyFA7ILiKrIwRFXe1yOg8M3cksgVsO9N7yuL2DdCGQKBA=="
    },
    "@uniswap/v2-core": {
      "version": "1.0.1",
      "resolved": "https://registry.npmjs.org/@uniswap/v2-core/-/v2-core-1.0.1.tgz",
      "integrity": "sha512-MtybtkUPSyysqLY2U210NBDeCHX+ltHt3oADGdjqoThZaFRDKwM6k1Nb3F0A3hk5hwuQvytFWhrWHOEq6nVJ8Q=="
    }
  }
}
